
Microsoft Visual Studio Solution File, Format Version 12.00
# Visual Studio Version 17
VisualStudioVersion = 17.14.36221.1
MinimumVisualStudioVersion = 10.0.40219.1
Project("{FAE04EC0-301F-11D3-BF4B-00C04F79EFBC}") = "ints", "ints\ints.csproj", "{77F017AB-F4D4-4C8D-84B9-E1A30441B781}"
EndProject
Project("{FAE04EC0-301F-11D3-BF4B-00C04F79EFBC}") = "intsAPI", "intsAPI\intsAPI.csproj", "{D2D6B358-FB2C-444C-ADE0-66AD4B0BDDA5}"
EndProject
Global
	GlobalSection(SolutionConfigurationPlatforms) = preSolution
		Debug|Any CPU = Debug|Any CPU
		Release|Any CPU = Release|Any CPU
	EndGlobalSection
	GlobalSection(ProjectConfigurationPlatforms) = postSolution
		{77F017AB-F4D4-4C8D-84B9-E1A30441B781}.Debug|Any CPU.ActiveCfg = Debug|Any CPU
		{77F017AB-F4D4-4C8D-84B9-E1A30441B781}.Debug|Any CPU.Build.0 = Debug|Any CPU
		{77F017AB-F4D4-4C8D-84B9-E1A30441B781}.Release|Any CPU.ActiveCfg = Release|Any CPU
		{77F017AB-F4D4-4C8D-84B9-E1A30441B781}.Release|Any CPU.Build.0 = Release|Any CPU
		{D2D6B358-FB2C-444C-ADE0-66AD4B0BDDA5}.Debug|Any CPU.ActiveCfg = Debug|Any CPU
		{D2D6B358-FB2C-444C-ADE0-66AD4B0BDDA5}.Debug|Any CPU.Build.0 = Debug|Any CPU
		{D2D6B358-FB2C-444C-ADE0-66AD4B0BDDA5}.Release|Any CPU.ActiveCfg = Release|Any CPU
		{D2D6B358-FB2C-444C-ADE0-66AD4B0BDDA5}.Release|Any CPU.Build.0 = Release|Any CPU
	EndGlobalSection
	GlobalSection(SolutionProperties) = preSolution
		HideSolutionNode = FALSE
	EndGlobalSection
	GlobalSection(ExtensibilityGlobals) = postSolution
		SolutionGuid = {F2C67DC7-6DAB-4CFC-8DB0-151CDAFBD587}
	EndGlobalSection
EndGlobal
